
Microsoft Visual Studio Solution File, Format Version 12.00
# Visual Studio Version 17
VisualStudioVersion = 17.14.36414.22 d17.14
MinimumVisualStudioVersion = 10.0.40219.1
Project("{2150E333-8FDC-42A3-9474-1A3956D46DE8}") = "Task0", "Task0", "{02EA681E-C7D8-13C7-8484-4AC65E1B71E8}"
EndProject
Project("{FAE04EC0-301F-11D3-BF4B-00C04F79EFBC}") = "Tyuiu.MalcevDV.Sprint5.Task0.V18", "Tyuiu.MalcevDV.Sprint5.Task0.V18\Tyuiu.MalcevDV.Sprint5.Task0.V18.csproj", "{C57558EE-1AC3-476D-A534-8538FB82BD2E}"
EndProject
Project("{FAE04EC0-301F-11D3-BF4B-00C04F79EFBC}") = "Tyuiu.MalcevDV.Sprint5.Task0.V18.Lib", "Tyuiu.MalcevDV.Sprint5.Task0.V18.Lib\Tyuiu.MalcevDV.Sprint5.Task0.V18.Lib.csproj", "{0D7112B1-EAD3-42A4-94F8-C95BE6AA3A36}"
EndProject
Project("{FAE04EC0-301F-11D3-BF4B-00C04F79EFBC}") = "Tyuiu.MalcevDV.Sprint5.Task0.V18.Test", "Tyuiu.MalcevDV.Sprint5.Task0.V18.Test\Tyuiu.MalcevDV.Sprint5.Task0.V18.Test.csproj", "{5607DE06-917F-4B95-A15E-871484867BD6}"
EndProject
Project("{2150E333-8FDC-42A3-9474-1A3956D46DE8}") = "Task1", "Task1", "{7C05163D-B744-49F8-BD4D-3785A7FC37CC}"
EndProject
Project("{FAE04EC0-301F-11D3-BF4B-00C04F79EFBC}") = "Tyuiu.MalcevDV.Sprint5.Task1.V20", "Tyuiu.MalcevDV.Sprint5.Task1.V20\Tyuiu.MalcevDV.Sprint5.Task1.V20.csproj", "{95D87ADD-E312-4895-A3CD-F142EB1B71BF}"
EndProject
Project("{FAE04EC0-301F-11D3-BF4B-00C04F79EFBC}") = "Tyuiu.MalcevDV.Sprint5.Task1.V20.Lib", "Tyuiu.MalcevDV.Sprint5.Task1.V20.Lib\Tyuiu.MalcevDV.Sprint5.Task1.V20.Lib.csproj", "{F38F8990-3649-4FEF-A8BF-1A62B4040831}"
EndProject
Project("{FAE04EC0-301F-11D3-BF4B-00C04F79EFBC}") = "Tyuiu.MalcevDV.Sprint5.Task1.V20.Test", "Tyuiu.MalcevDV.Sprint5.Task1.V20.Test\Tyuiu.MalcevDV.Sprint5.Task1.V20.Test.csproj", "{8B03ACC8-CD42-40AC-9D22-E426DBFACFBA}"
EndProject
Project("{2150E333-8FDC-42A3-9474-1A3956D46DE8}") = "Task2", "Task2", "{B437B43E-3965-4798-955A-CA00AE83CD84}"
EndProject
Project("{FAE04EC0-301F-11D3-BF4B-00C04F79EFBC}") = "Tyuiu.MalcevDV.Sprint5.Task2.V11", "Tyuiu.MalcevDV.Sprint5.Task2.V11\Tyuiu.MalcevDV.Sprint5.Task2.V11.csproj", "{3E35A0A8-E161-47DD-B355-B2F2728591A3}"
EndProject
Project("{FAE04EC0-301F-11D3-BF4B-00C04F79EFBC}") = "Tyuiu.MalcevDV.Sprint5.Task2.V11.Lib", "Tyuiu.MalcevDV.Sprint5.Task2.V11.Lib\Tyuiu.MalcevDV.Sprint5.Task2.V11.Lib.csproj", "{2720FDC7-DB9C-4BF2-BB7E-C9625C5728DE}"
EndProject
Project("{FAE04EC0-301F-11D3-BF4B-00C04F79EFBC}") = "Tyuiu.MalcevDV.Sprint5.Task2.V11.Test", "Tyuiu.MalcevDV.Sprint5.Task2.V11.Test\Tyuiu.MalcevDV.Sprint5.Task2.V11.Test.csproj", "{B8252E3F-0114-4A8B-B3BC-30D4444B6451}"
EndProject
Project("{2150E333-8FDC-42A3-9474-1A3956D46DE8}") = "Task3", "Task3", "{D8CAFABE-2CE2-4114-B8ED-CE47D76785F6}"
EndProject
Project("{FAE04EC0-301F-11D3-BF4B-00C04F79EFBC}") = "Tyuiu.MalcevDV.Sprint5.Task3.V18", "Tyuiu.MalcevDV.Sprint5.Task3.V18\Tyuiu.MalcevDV.Sprint5.Task3.V18.csproj", "{CFEDF3A5-CE46-4D1E-AB44-91EC9E21400E}"
EndProject
Project("{FAE04EC0-301F-11D3-BF4B-00C04F79EFBC}") = "Tyuiu.MalcevDV.Sprint5.Task3.V18.Lib", "Tyuiu.MalcevDV.Sprint5.Task3.V18.Lib\Tyuiu.MalcevDV.Sprint5.Task3.V18.Lib.csproj", "{CCB3671D-1CD6-4AC4-B9DE-EEDCC88EF5D5}"
EndProject
Project("{FAE04EC0-301F-11D3-BF4B-00C04F79EFBC}") = "Tyuiu.MalcevDV.Sprint5.Task3.V18.Test", "Tyuiu.MalcevDV.Sprint5.Task3.V18.Test\Tyuiu.MalcevDV.Sprint5.Task3.V18.Test.csproj", "{FBE6550C-A2CA-412F-905F-E89BF7E58AC1}"
EndProject
Global
	GlobalSection(SolutionConfigurationPlatforms) = preSolution
		Debug|Any CPU = Debug|Any CPU
		Release|Any CPU = Release|Any CPU
	EndGlobalSection
	GlobalSection(ProjectConfigurationPlatforms) = postSolution
		{C57558EE-1AC3-476D-A534-8538FB82BD2E}.Debug|Any CPU.ActiveCfg = Debug|Any CPU
		{C57558EE-1AC3-476D-A534-8538FB82BD2E}.Debug|Any CPU.Build.0 = Debug|Any CPU
		{C57558EE-1AC3-476D-A534-8538FB82BD2E}.Release|Any CPU.ActiveCfg = Release|Any CPU
		{C57558EE-1AC3-476D-A534-8538FB82BD2E}.Release|Any CPU.Build.0 = Release|Any CPU
		{0D7112B1-EAD3-42A4-94F8-C95BE6AA3A36}.Debug|Any CPU.ActiveCfg = Debug|Any CPU
		{0D7112B1-EAD3-42A4-94F8-C95BE6AA3A36}.Debug|Any CPU.Build.0 = Debug|Any CPU
		{0D7112B1-EAD3-42A4-94F8-C95BE6AA3A36}.Release|Any CPU.ActiveCfg = Release|Any CPU
		{0D7112B1-EAD3-42A4-94F8-C95BE6AA3A36}.Release|Any CPU.Build.0 = Release|Any CPU
		{5607DE06-917F-4B95-A15E-871484867BD6}.Debug|Any CPU.ActiveCfg = Debug|Any CPU
		{5607DE06-917F-4B95-A15E-871484867BD6}.Debug|Any CPU.Build.0 = Debug|Any CPU
		{5607DE06-917F-4B95-A15E-871484867BD6}.Release|Any CPU.ActiveCfg = Release|Any CPU
		{5607DE06-917F-4B95-A15E-871484867BD6}.Release|Any CPU.Build.0 = Release|Any CPU
		{95D87ADD-E312-4895-A3CD-F142EB1B71BF}.Debug|Any CPU.ActiveCfg = Debug|Any CPU
		{95D87ADD-E312-4895-A3CD-F142EB1B71BF}.Debug|Any CPU.Build.0 = Debug|Any CPU
		{95D87ADD-E312-4895-A3CD-F142EB1B71BF}.Release|Any CPU.ActiveCfg = Release|Any CPU
		{95D87ADD-E312-4895-A3CD-F142EB1B71BF}.Release|Any CPU.Build.0 = Release|Any CPU
		{F38F8990-3649-4FEF-A8BF-1A62B4040831}.Debug|Any CPU.ActiveCfg = Debug|Any CPU
		{F38F8990-3649-4FEF-A8BF-1A62B4040831}.Debug|Any CPU.Build.0 = Debug|Any CPU
		{F38F8990-3649-4FEF-A8BF-1A62B4040831}.Release|Any CPU.ActiveCfg = Release|Any CPU
		{F38F8990-3649-4FEF-A8BF-1A62B4040831}.Release|Any CPU.Build.0 = Release|Any CPU
		{8B03ACC8-CD42-40AC-9D22-E426DBFACFBA}.Debug|Any CPU.ActiveCfg = Debug|Any CPU
		{8B03ACC8-CD42-40AC-9D22-E426DBFACFBA}.Debug|Any CPU.Build.0 = Debug|Any CPU
		{8B03ACC8-CD42-40AC-9D22-E426DBFACFBA}.Release|Any CPU.ActiveCfg = Release|Any CPU
		{8B03ACC8-CD42-40AC-9D22-E426DBFACFBA}.Release|Any CPU.Build.0 = Release|Any CPU
		{3E35A0A8-E161-47DD-B355-B2F2728591A3}.Debug|Any CPU.ActiveCfg = Debug|Any CPU
		{3E35A0A8-E161-47DD-B355-B2F2728591A3}.Debug|Any CPU.Build.0 = Debug|Any CPU
		{3E35A0A8-E161-47DD-B355-B2F2728591A3}.Release|Any CPU.ActiveCfg = Release|Any CPU
		{3E35A0A8-E161-47DD-B355-B2F2728591A3}.Release|Any CPU.Build.0 = Release|Any CPU
		{2720FDC7-DB9C-4BF2-BB7E-C9625C5728DE}.Debug|Any CPU.ActiveCfg = Debug|Any CPU
		{2720FDC7-DB9C-4BF2-BB7E-C9625C5728DE}.Debug|Any CPU.Build.0 = Debug|Any CPU
		{2720FDC7-DB9C-4BF2-BB7E-C9625C5728DE}.Release|Any CPU.ActiveCfg = Release|Any CPU
		{2720FDC7-DB9C-4BF2-BB7E-C9625C5728DE}.Release|Any CPU.Build.0 = Release|Any CPU
		{B8252E3F-0114-4A8B-B3BC-30D4444B6451}.Debug|Any CPU.ActiveCfg = Debug|Any CPU
		{B8252E3F-0114-4A8B-B3BC-30D4444B6451}.Debug|Any CPU.Build.0 = Debug|Any CPU
		{B8252E3F-0114-4A8B-B3BC-30D4444B6451}.Release|Any CPU.ActiveCfg = Release|Any CPU
		{B8252E3F-0114-4A8B-B3BC-30D4444B6451}.Release|Any CPU.Build.0 = Release|Any CPU
		{CFEDF3A5-CE46-4D1E-AB44-91EC9E21400E}.Debug|Any CPU.ActiveCfg = Debug|Any CPU
		{CFEDF3A5-CE46-4D1E-AB44-91EC9E21400E}.Debug|Any CPU.Build.0 = Debug|Any CPU
		{CFEDF3A5-CE46-4D1E-AB44-91EC9E21400E}.Release|Any CPU.ActiveCfg = Release|Any CPU
		{CFEDF3A5-CE46-4D1E-AB44-91EC9E21400E}.Release|Any CPU.Build.0 = Release|Any CPU
		{CCB3671D-1CD6-4AC4-B9DE-EEDCC88EF5D5}.Debug|Any CPU.ActiveCfg = Debug|Any CPU
		{CCB3671D-1CD6-4AC4-B9DE-EEDCC88EF5D5}.Debug|Any CPU.Build.0 = Debug|Any CPU
		{CCB3671D-1CD6-4AC4-B9DE-EEDCC88EF5D5}.Release|Any CPU.ActiveCfg = Release|Any CPU
		{CCB3671D-1CD6-4AC4-B9DE-EEDCC88EF5D5}.Release|Any CPU.Build.0 = Release|Any CPU
		{FBE6550C-A2CA-412F-905F-E89BF7E58AC1}.Debug|Any CPU.ActiveCfg = Debug|Any CPU
		{FBE6550C-A2CA-412F-905F-E89BF7E58AC1}.Debug|Any CPU.Build.0 = Debug|Any CPU
		{FBE6550C-A2CA-412F-905F-E89BF7E58AC1}.Release|Any CPU.ActiveCfg = Release|Any CPU
		{FBE6550C-A2CA-412F-905F-E89BF7E58AC1}.Release|Any CPU.Build.0 = Release|Any CPU
	EndGlobalSection
	GlobalSection(SolutionProperties) = preSolution
		HideSolutionNode = FALSE
	EndGlobalSection
	GlobalSection(NestedProjects) = preSolution
		{C57558EE-1AC3-476D-A534-8538FB82BD2E} = {02EA681E-C7D8-13C7-8484-4AC65E1B71E8}
		{0D7112B1-EAD3-42A4-94F8-C95BE6AA3A36} = {02EA681E-C7D8-13C7-8484-4AC65E1B71E8}
		{5607DE06-917F-4B95-A15E-871484867BD6} = {02EA681E-C7D8-13C7-8484-4AC65E1B71E8}
		{95D87ADD-E312-4895-A3CD-F142EB1B71BF} = {7C05163D-B744-49F8-BD4D-3785A7FC37CC}
		{F38F8990-3649-4FEF-A8BF-1A62B4040831} = {7C05163D-B744-49F8-BD4D-3785A7FC37CC}
		{8B03ACC8-CD42-40AC-9D22-E426DBFACFBA} = {7C05163D-B744-49F8-BD4D-3785A7FC37CC}
		{3E35A0A8-E161-47DD-B355-B2F2728591A3} = {B437B43E-3965-4798-955A-CA00AE83CD84}
		{2720FDC7-DB9C-4BF2-BB7E-C9625C5728DE} = {B437B43E-3965-4798-955A-CA00AE83CD84}
		{B8252E3F-0114-4A8B-B3BC-30D4444B6451} = {B437B43E-3965-4798-955A-CA00AE83CD84}
		{CFEDF3A5-CE46-4D1E-AB44-91EC9E21400E} = {D8CAFABE-2CE2-4114-B8ED-CE47D76785F6}
		{CCB3671D-1CD6-4AC4-B9DE-EEDCC88EF5D5} = {D8CAFABE-2CE2-4114-B8ED-CE47D76785F6}
		{FBE6550C-A2CA-412F-905F-E89BF7E58AC1} = {D8CAFABE-2CE2-4114-B8ED-CE47D76785F6}
	EndGlobalSection
	GlobalSection(ExtensibilityGlobals) = postSolution
		SolutionGuid = {34E503EE-9E2D-4CB6-8011-A315E61D3A4A}
	EndGlobalSection
EndGlobal
