
Microsoft Visual Studio Solution File, Format Version 12.00
# Visual Studio Version 17
VisualStudioVersion = 17.14.36414.22
MinimumVisualStudioVersion = 10.0.40219.1
Project("{2150E333-8FDC-42A3-9474-1A3956D46DE8}") = "Task0", "Task0", "{02EA681E-C7D8-13C7-8484-4AC65E1B71E8}"
EndProject
Project("{FAE04EC0-301F-11D3-BF4B-00C04F79EFBC}") = "Tyuiu.MalcevDV.Sprint5.Task0.V18", "Tyuiu.MalcevDV.Sprint5.Task0.V18\Tyuiu.MalcevDV.Sprint5.Task0.V18.csproj", "{C57558EE-1AC3-476D-A534-8538FB82BD2E}"
EndProject
Project("{FAE04EC0-301F-11D3-BF4B-00C04F79EFBC}") = "Tyuiu.MalcevDV.Sprint5.Task0.V18.Lib", "Tyuiu.MalcevDV.Sprint5.Task0.V18.Lib\Tyuiu.MalcevDV.Sprint5.Task0.V18.Lib.csproj", "{0D7112B1-EAD3-42A4-94F8-C95BE6AA3A36}"
EndProject
Project("{FAE04EC0-301F-11D3-BF4B-00C04F79EFBC}") = "Tyuiu.MalcevDV.Sprint5.Task0.V18.Test", "Tyuiu.MalcevDV.Sprint5.Task0.V18.Test\Tyuiu.MalcevDV.Sprint5.Task0.V18.Test.csproj", "{5607DE06-917F-4B95-A15E-871484867BD6}"
EndProject
Project("{2150E333-8FDC-42A3-9474-1A3956D46DE8}") = "Task1", "Task1", "{7C05163D-B744-49F8-BD4D-3785A7FC37CC}"
EndProject
Project("{FAE04EC0-301F-11D3-BF4B-00C04F79EFBC}") = "Tyuiu.MalcevDV.Sprint5.Task1.V20", "Tyuiu.MalcevDV.Sprint5.Task1.V20\Tyuiu.MalcevDV.Sprint5.Task1.V20.csproj", "{95D87ADD-E312-4895-A3CD-F142EB1B71BF}"
EndProject
Project("{FAE04EC0-301F-11D3-BF4B-00C04F79EFBC}") = "Tyuiu.MalcevDV.Sprint5.Task1.V20.Lib", "Tyuiu.MalcevDV.Sprint5.Task1.V20.Lib\Tyuiu.MalcevDV.Sprint5.Task1.V20.Lib.csproj", "{F38F8990-3649-4FEF-A8BF-1A62B4040831}"
EndProject
Project("{FAE04EC0-301F-11D3-BF4B-00C04F79EFBC}") = "Tyuiu.MalcevDV.Sprint5.Task1.V20.Test", "Tyuiu.MalcevDV.Sprint5.Task1.V20.Test\Tyuiu.MalcevDV.Sprint5.Task1.V20.Test.csproj", "{8B03ACC8-CD42-40AC-9D22-E426DBFACFBA}"
EndProject
Project("{2150E333-8FDC-42A3-9474-1A3956D46DE8}") = "Task2", "Task2", "{B437B43E-3965-4798-955A-CA00AE83CD84}"
EndProject
Project("{FAE04EC0-301F-11D3-BF4B-00C04F79EFBC}") = "Tyuiu.MalcevDV.Sprint5.Task2.V11", "Tyuiu.MalcevDV.Sprint5.Task2.V11\Tyuiu.MalcevDV.Sprint5.Task2.V11.csproj", "{3E35A0A8-E161-47DD-B355-B2F2728591A3}"
EndProject
Project("{FAE04EC0-301F-11D3-BF4B-00C04F79EFBC}") = "Tyuiu.MalcevDV.Sprint5.Task2.V11.Lib", "Tyuiu.MalcevDV.Sprint5.Task2.V11.Lib\Tyuiu.MalcevDV.Sprint5.Task2.V11.Lib.csproj", "{2720FDC7-DB9C-4BF2-BB7E-C9625C5728DE}"
EndProject
Project("{FAE04EC0-301F-11D3-BF4B-00C04F79EFBC}") = "Tyuiu.MalcevDV.Sprint5.Task2.V11.Test", "Tyuiu.MalcevDV.Sprint5.Task2.V11.Test\Tyuiu.MalcevDV.Sprint5.Task2.V11.Test.csproj", "{B8252E3F-0114-4A8B-B3BC-30D4444B6451}"
EndProject
Project("{2150E333-8FDC-42A3-9474-1A3956D46DE8}") = "Task3", "Task3", "{D8CAFABE-2CE2-4114-B8ED-CE47D76785F6}"
EndProject
Project("{FAE04EC0-301F-11D3-BF4B-00C04F79EFBC}") = "Tyuiu.MalcevDV.Sprint5.Task3.V18", "Tyuiu.MalcevDV.Sprint5.Task3.V18\Tyuiu.MalcevDV.Sprint5.Task3.V18.csproj", "{CFEDF3A5-CE46-4D1E-AB44-91EC9E21400E}"
EndProject
Project("{FAE04EC0-301F-11D3-BF4B-00C04F79EFBC}") = "Tyuiu.MalcevDV.Sprint5.Task3.V18.Lib", "Tyuiu.MalcevDV.Sprint5.Task3.V18.Lib\Tyuiu.MalcevDV.Sprint5.Task3.V18.Lib.csproj", "{CCB3671D-1CD6-4AC4-B9DE-EEDCC88EF5D5}"
EndProject
Project("{FAE04EC0-301F-11D3-BF4B-00C04F79EFBC}") = "Tyuiu.MalcevDV.Sprint5.Task3.V18.Test", "Tyuiu.MalcevDV.Sprint5.Task3.V18.Test\Tyuiu.MalcevDV.Sprint5.Task3.V18.Test.csproj", "{FBE6550C-A2CA-412F-905F-E89BF7E58AC1}"
EndProject
Project("{2150E333-8FDC-42A3-9474-1A3956D46DE8}") = "Task4", "Task4", "{7AF2F9ED-F653-4E75-B093-A996AF97D170}"
EndProject
Project("{FAE04EC0-301F-11D3-BF4B-00C04F79EFBC}") = "Tyuiu.MalcevDV.Sprint5.Task4.V15", "Tyuiu.MalcevDV.Sprint5.Task4.V15\Tyuiu.MalcevDV.Sprint5.Task4.V15.csproj", "{BD59C59F-B3E3-412F-B4CA-5D1451FBC472}"
EndProject
Project("{FAE04EC0-301F-11D3-BF4B-00C04F79EFBC}") = "Tyuiu.MalcevDV.Sprint5.Task4.V15.Lib", "Tyuiu.MalcevDV.Sprint5.Task4.V15.Lib\Tyuiu.MalcevDV.Sprint5.Task4.V15.Lib.csproj", "{376AAD02-BA07-4E4D-A084-8168D6E2E5F9}"
EndProject
Project("{FAE04EC0-301F-11D3-BF4B-00C04F79EFBC}") = "Tyuiu.MalcevDV.Sprint5.Task4.V15.Test", "Tyuiu.MalcevDV.Sprint5.Task4.V15.Test\Tyuiu.MalcevDV.Sprint5.Task4.V15.Test.csproj", "{72286B24-E618-4D82-81FD-20E2934BEC92}"
EndProject
Project("{2150E333-8FDC-42A3-9474-1A3956D46DE8}") = "Task5", "Task5", "{A65419F3-10D7-407B-9853-B38C6BC42857}"
EndProject
Project("{FAE04EC0-301F-11D3-BF4B-00C04F79EFBC}") = "Tyuiu.MalcevDV.Sprint5.Task5.V15", "Tyuiu.MalcevDV.Sprint5.Task5.V15\Tyuiu.MalcevDV.Sprint5.Task5.V15.csproj", "{4DC0239D-6111-4443-AD35-32BF5AFC6157}"
EndProject
Project("{FAE04EC0-301F-11D3-BF4B-00C04F79EFBC}") = "Tyuiu.MalcevDV.Sprint5.Task5.V15.Lib", "Tyuiu.MalcevDV.Sprint5.Task5.V15.Lib\Tyuiu.MalcevDV.Sprint5.Task5.V15.Lib.csproj", "{2D0E8E4F-CB58-4B7D-861E-B380494821A0}"
EndProject
Project("{FAE04EC0-301F-11D3-BF4B-00C04F79EFBC}") = "Tyuiu.MalcevDV.Sprint5.Task5.V15.Test", "Tyuiu.MalcevDV.Sprint5.Task5.V15.Test\Tyuiu.MalcevDV.Sprint5.Task5.V15.Test.csproj", "{86CE834A-82E8-4F8A-B8B2-5C7D86FE68F7}"
EndProject
Project("{2150E333-8FDC-42A3-9474-1A3956D46DE8}") = "Task6", "Task6", "{E1894C56-32DB-44BF-BC3C-B81CDD88DEA0}"
EndProject
Project("{FAE04EC0-301F-11D3-BF4B-00C04F79EFBC}") = "Tyuiu.MalcevDV.Sprint5.Task6.V25", "Tyuiu.MalcevDV.Sprint5.Task6.V25\Tyuiu.MalcevDV.Sprint5.Task6.V25.csproj", "{05185DC3-8798-4DCB-88E9-536A4482658B}"
EndProject
Project("{FAE04EC0-301F-11D3-BF4B-00C04F79EFBC}") = "Tyuiu.MalcevDV.Sprint5.Task6.V25.Lib", "Tyuiu.MalcevDV.Sprint5.Task6.V25.Lib\Tyuiu.MalcevDV.Sprint5.Task6.V25.Lib.csproj", "{F1E4A6A0-5542-4A7B-99F2-63B7D0F6EB87}"
EndProject
Project("{FAE04EC0-301F-11D3-BF4B-00C04F79EFBC}") = "Tyuiu.MalcevDV.Sprint5.Task6.V25.Test", "Tyuiu.MalcevDV.Sprint5.Task6.V25.Test\Tyuiu.MalcevDV.Sprint5.Task6.V25.Test.csproj", "{8F47605A-D2E5-4A4D-9668-59BE17D0D292}"
EndProject
Project("{2150E333-8FDC-42A3-9474-1A3956D46DE8}") = "Task7", "Task7", "{3B06EFDA-D977-4F04-BFBB-029339846E0C}"
EndProject
Project("{FAE04EC0-301F-11D3-BF4B-00C04F79EFBC}") = "Tyuiu.MalcevDV.Sprint5.Task7.V20", "Tyuiu.MalcevDV.Sprint5.Task7.V20\Tyuiu.MalcevDV.Sprint5.Task7.V20.csproj", "{099C78E3-DC0D-4A38-AD7E-6E5E6E63E5F8}"
EndProject
Project("{FAE04EC0-301F-11D3-BF4B-00C04F79EFBC}") = "Tyuiu.MalcevDV.Sprint5.Task7.V20.Lib", "Tyuiu.MalcevDV.Sprint5.Task7.V20.Lib\Tyuiu.MalcevDV.Sprint5.Task7.V20.Lib.csproj", "{D26DD4F2-33F5-4100-9AD8-DDABE6320402}"
EndProject
Project("{FAE04EC0-301F-11D3-BF4B-00C04F79EFBC}") = "Tyuiu.MalcevDV.Sprint5.Task7.V20.Test", "Tyuiu.MalcevDV.Sprint5.Task7.V20.Test\Tyuiu.MalcevDV.Sprint5.Task7.V20.Test.csproj", "{26E48335-EA8B-4048-B6B3-547711C423A3}"
EndProject
Global
	GlobalSection(SolutionConfigurationPlatforms) = preSolution
		Debug|Any CPU = Debug|Any CPU
		Release|Any CPU = Release|Any CPU
	EndGlobalSection
	GlobalSection(ProjectConfigurationPlatforms) = postSolution
		{C57558EE-1AC3-476D-A534-8538FB82BD2E}.Debug|Any CPU.ActiveCfg = Debug|Any CPU
		{C57558EE-1AC3-476D-A534-8538FB82BD2E}.Debug|Any CPU.Build.0 = Debug|Any CPU
		{C57558EE-1AC3-476D-A534-8538FB82BD2E}.Release|Any CPU.ActiveCfg = Release|Any CPU
		{C57558EE-1AC3-476D-A534-8538FB82BD2E}.Release|Any CPU.Build.0 = Release|Any CPU
		{0D7112B1-EAD3-42A4-94F8-C95BE6AA3A36}.Debug|Any CPU.ActiveCfg = Debug|Any CPU
		{0D7112B1-EAD3-42A4-94F8-C95BE6AA3A36}.Debug|Any CPU.Build.0 = Debug|Any CPU
		{0D7112B1-EAD3-42A4-94F8-C95BE6AA3A36}.Release|Any CPU.ActiveCfg = Release|Any CPU
		{0D7112B1-EAD3-42A4-94F8-C95BE6AA3A36}.Release|Any CPU.Build.0 = Release|Any CPU
		{5607DE06-917F-4B95-A15E-871484867BD6}.Debug|Any CPU.ActiveCfg = Debug|Any CPU
		{5607DE06-917F-4B95-A15E-871484867BD6}.Debug|Any CPU.Build.0 = Debug|Any CPU
		{5607DE06-917F-4B95-A15E-871484867BD6}.Release|Any CPU.ActiveCfg = Release|Any CPU
		{5607DE06-917F-4B95-A15E-871484867BD6}.Release|Any CPU.Build.0 = Release|Any CPU
		{95D87ADD-E312-4895-A3CD-F142EB1B71BF}.Debug|Any CPU.ActiveCfg = Debug|Any CPU
		{95D87ADD-E312-4895-A3CD-F142EB1B71BF}.Debug|Any CPU.Build.0 = Debug|Any CPU
		{95D87ADD-E312-4895-A3CD-F142EB1B71BF}.Release|Any CPU.ActiveCfg = Release|Any CPU
		{95D87ADD-E312-4895-A3CD-F142EB1B71BF}.Release|Any CPU.Build.0 = Release|Any CPU
		{F38F8990-3649-4FEF-A8BF-1A62B4040831}.Debug|Any CPU.ActiveCfg = Debug|Any CPU
		{F38F8990-3649-4FEF-A8BF-1A62B4040831}.Debug|Any CPU.Build.0 = Debug|Any CPU
		{F38F8990-3649-4FEF-A8BF-1A62B4040831}.Release|Any CPU.ActiveCfg = Release|Any CPU
		{F38F8990-3649-4FEF-A8BF-1A62B4040831}.Release|Any CPU.Build.0 = Release|Any CPU
		{8B03ACC8-CD42-40AC-9D22-E426DBFACFBA}.Debug|Any CPU.ActiveCfg = Debug|Any CPU
		{8B03ACC8-CD42-40AC-9D22-E426DBFACFBA}.Debug|Any CPU.Build.0 = Debug|Any CPU
		{8B03ACC8-CD42-40AC-9D22-E426DBFACFBA}.Release|Any CPU.ActiveCfg = Release|Any CPU
		{8B03ACC8-CD42-40AC-9D22-E426DBFACFBA}.Release|Any CPU.Build.0 = Release|Any CPU
		{3E35A0A8-E161-47DD-B355-B2F2728591A3}.Debug|Any CPU.ActiveCfg = Debug|Any CPU
		{3E35A0A8-E161-47DD-B355-B2F2728591A3}.Debug|Any CPU.Build.0 = Debug|Any CPU
		{3E35A0A8-E161-47DD-B355-B2F2728591A3}.Release|Any CPU.ActiveCfg = Release|Any CPU
		{3E35A0A8-E161-47DD-B355-B2F2728591A3}.Release|Any CPU.Build.0 = Release|Any CPU
		{2720FDC7-DB9C-4BF2-BB7E-C9625C5728DE}.Debug|Any CPU.ActiveCfg = Debug|Any CPU
		{2720FDC7-DB9C-4BF2-BB7E-C9625C5728DE}.Debug|Any CPU.Build.0 = Debug|Any CPU
		{2720FDC7-DB9C-4BF2-BB7E-C9625C5728DE}.Release|Any CPU.ActiveCfg = Release|Any CPU
		{2720FDC7-DB9C-4BF2-BB7E-C9625C5728DE}.Release|Any CPU.Build.0 = Release|Any CPU
		{B8252E3F-0114-4A8B-B3BC-30D4444B6451}.Debug|Any CPU.ActiveCfg = Debug|Any CPU
		{B8252E3F-0114-4A8B-B3BC-30D4444B6451}.Debug|Any CPU.Build.0 = Debug|Any CPU
		{B8252E3F-0114-4A8B-B3BC-30D4444B6451}.Release|Any CPU.ActiveCfg = Release|Any CPU
		{B8252E3F-0114-4A8B-B3BC-30D4444B6451}.Release|Any CPU.Build.0 = Release|Any CPU
		{CFEDF3A5-CE46-4D1E-AB44-91EC9E21400E}.Debug|Any CPU.ActiveCfg = Debug|Any CPU
		{CFEDF3A5-CE46-4D1E-AB44-91EC9E21400E}.Debug|Any CPU.Build.0 = Debug|Any CPU
		{CFEDF3A5-CE46-4D1E-AB44-91EC9E21400E}.Release|Any CPU.ActiveCfg = Release|Any CPU
		{CFEDF3A5-CE46-4D1E-AB44-91EC9E21400E}.Release|Any CPU.Build.0 = Release|Any CPU
		{CCB3671D-1CD6-4AC4-B9DE-EEDCC88EF5D5}.Debug|Any CPU.ActiveCfg = Debug|Any CPU
		{CCB3671D-1CD6-4AC4-B9DE-EEDCC88EF5D5}.Debug|Any CPU.Build.0 = Debug|Any CPU
		{CCB3671D-1CD6-4AC4-B9DE-EEDCC88EF5D5}.Release|Any CPU.ActiveCfg = Release|Any CPU
		{CCB3671D-1CD6-4AC4-B9DE-EEDCC88EF5D5}.Release|Any CPU.Build.0 = Release|Any CPU
		{FBE6550C-A2CA-412F-905F-E89BF7E58AC1}.Debug|Any CPU.ActiveCfg = Debug|Any CPU
		{FBE6550C-A2CA-412F-905F-E89BF7E58AC1}.Debug|Any CPU.Build.0 = Debug|Any CPU
		{FBE6550C-A2CA-412F-905F-E89BF7E58AC1}.Release|Any CPU.ActiveCfg = Release|Any CPU
		{FBE6550C-A2CA-412F-905F-E89BF7E58AC1}.Release|Any CPU.Build.0 = Release|Any CPU
		{BD59C59F-B3E3-412F-B4CA-5D1451FBC472}.Debug|Any CPU.ActiveCfg = Debug|Any CPU
		{BD59C59F-B3E3-412F-B4CA-5D1451FBC472}.Debug|Any CPU.Build.0 = Debug|Any CPU
		{BD59C59F-B3E3-412F-B4CA-5D1451FBC472}.Release|Any CPU.ActiveCfg = Release|Any CPU
		{BD59C59F-B3E3-412F-B4CA-5D1451FBC472}.Release|Any CPU.Build.0 = Release|Any CPU
		{376AAD02-BA07-4E4D-A084-8168D6E2E5F9}.Debug|Any CPU.ActiveCfg = Debug|Any CPU
		{376AAD02-BA07-4E4D-A084-8168D6E2E5F9}.Debug|Any CPU.Build.0 = Debug|Any CPU
		{376AAD02-BA07-4E4D-A084-8168D6E2E5F9}.Release|Any CPU.ActiveCfg = Release|Any CPU
		{376AAD02-BA07-4E4D-A084-8168D6E2E5F9}.Release|Any CPU.Build.0 = Release|Any CPU
		{72286B24-E618-4D82-81FD-20E2934BEC92}.Debug|Any CPU.ActiveCfg = Debug|Any CPU
		{72286B24-E618-4D82-81FD-20E2934BEC92}.Debug|Any CPU.Build.0 = Debug|Any CPU
		{72286B24-E618-4D82-81FD-20E2934BEC92}.Release|Any CPU.ActiveCfg = Release|Any CPU
		{72286B24-E618-4D82-81FD-20E2934BEC92}.Release|Any CPU.Build.0 = Release|Any CPU
		{4DC0239D-6111-4443-AD35-32BF5AFC6157}.Debug|Any CPU.ActiveCfg = Debug|Any CPU
		{4DC0239D-6111-4443-AD35-32BF5AFC6157}.Debug|Any CPU.Build.0 = Debug|Any CPU
		{4DC0239D-6111-4443-AD35-32BF5AFC6157}.Release|Any CPU.ActiveCfg = Release|Any CPU
		{4DC0239D-6111-4443-AD35-32BF5AFC6157}.Release|Any CPU.Build.0 = Release|Any CPU
		{2D0E8E4F-CB58-4B7D-861E-B380494821A0}.Debug|Any CPU.ActiveCfg = Debug|Any CPU
		{2D0E8E4F-CB58-4B7D-861E-B380494821A0}.Debug|Any CPU.Build.0 = Debug|Any CPU
		{2D0E8E4F-CB58-4B7D-861E-B380494821A0}.Release|Any CPU.ActiveCfg = Release|Any CPU
		{2D0E8E4F-CB58-4B7D-861E-B380494821A0}.Release|Any CPU.Build.0 = Release|Any CPU
		{86CE834A-82E8-4F8A-B8B2-5C7D86FE68F7}.Debug|Any CPU.ActiveCfg = Debug|Any CPU
		{86CE834A-82E8-4F8A-B8B2-5C7D86FE68F7}.Debug|Any CPU.Build.0 = Debug|Any CPU
		{86CE834A-82E8-4F8A-B8B2-5C7D86FE68F7}.Release|Any CPU.ActiveCfg = Release|Any CPU
		{86CE834A-82E8-4F8A-B8B2-5C7D86FE68F7}.Release|Any CPU.Build.0 = Release|Any CPU
		{05185DC3-8798-4DCB-88E9-536A4482658B}.Debug|Any CPU.ActiveCfg = Debug|Any CPU
		{05185DC3-8798-4DCB-88E9-536A4482658B}.Debug|Any CPU.Build.0 = Debug|Any CPU
		{05185DC3-8798-4DCB-88E9-536A4482658B}.Release|Any CPU.ActiveCfg = Release|Any CPU
		{05185DC3-8798-4DCB-88E9-536A4482658B}.Release|Any CPU.Build.0 = Release|Any CPU
		{F1E4A6A0-5542-4A7B-99F2-63B7D0F6EB87}.Debug|Any CPU.ActiveCfg = Debug|Any CPU
		{F1E4A6A0-5542-4A7B-99F2-63B7D0F6EB87}.Debug|Any CPU.Build.0 = Debug|Any CPU
		{F1E4A6A0-5542-4A7B-99F2-63B7D0F6EB87}.Release|Any CPU.ActiveCfg = Release|Any CPU
		{F1E4A6A0-5542-4A7B-99F2-63B7D0F6EB87}.Release|Any CPU.Build.0 = Release|Any CPU
		{8F47605A-D2E5-4A4D-9668-59BE17D0D292}.Debug|Any CPU.ActiveCfg = Debug|Any CPU
		{8F47605A-D2E5-4A4D-9668-59BE17D0D292}.Debug|Any CPU.Build.0 = Debug|Any CPU
		{8F47605A-D2E5-4A4D-9668-59BE17D0D292}.Release|Any CPU.ActiveCfg = Release|Any CPU
		{8F47605A-D2E5-4A4D-9668-59BE17D0D292}.Release|Any CPU.Build.0 = Release|Any CPU
		{099C78E3-DC0D-4A38-AD7E-6E5E6E63E5F8}.Debug|Any CPU.ActiveCfg = Debug|Any CPU
		{099C78E3-DC0D-4A38-AD7E-6E5E6E63E5F8}.Debug|Any CPU.Build.0 = Debug|Any CPU
		{099C78E3-DC0D-4A38-AD7E-6E5E6E63E5F8}.Release|Any CPU.ActiveCfg = Release|Any CPU
		{099C78E3-DC0D-4A38-AD7E-6E5E6E63E5F8}.Release|Any CPU.Build.0 = Release|Any CPU
		{D26DD4F2-33F5-4100-9AD8-DDABE6320402}.Debug|Any CPU.ActiveCfg = Debug|Any CPU
		{D26DD4F2-33F5-4100-9AD8-DDABE6320402}.Debug|Any CPU.Build.0 = Debug|Any CPU
		{D26DD4F2-33F5-4100-9AD8-DDABE6320402}.Release|Any CPU.ActiveCfg = Release|Any CPU
		{D26DD4F2-33F5-4100-9AD8-DDABE6320402}.Release|Any CPU.Build.0 = Release|Any CPU
		{26E48335-EA8B-4048-B6B3-547711C423A3}.Debug|Any CPU.ActiveCfg = Debug|Any CPU
		{26E48335-EA8B-4048-B6B3-547711C423A3}.Debug|Any CPU.Build.0 = Debug|Any CPU
		{26E48335-EA8B-4048-B6B3-547711C423A3}.Release|Any CPU.ActiveCfg = Release|Any CPU
		{26E48335-EA8B-4048-B6B3-547711C423A3}.Release|Any CPU.Build.0 = Release|Any CPU
	EndGlobalSection
	GlobalSection(SolutionProperties) = preSolution
		HideSolutionNode = FALSE
	EndGlobalSection
	GlobalSection(NestedProjects) = preSolution
		{C57558EE-1AC3-476D-A534-8538FB82BD2E} = {02EA681E-C7D8-13C7-8484-4AC65E1B71E8}
		{0D7112B1-EAD3-42A4-94F8-C95BE6AA3A36} = {02EA681E-C7D8-13C7-8484-4AC65E1B71E8}
		{5607DE06-917F-4B95-A15E-871484867BD6} = {02EA681E-C7D8-13C7-8484-4AC65E1B71E8}
		{95D87ADD-E312-4895-A3CD-F142EB1B71BF} = {7C05163D-B744-49F8-BD4D-3785A7FC37CC}
		{F38F8990-3649-4FEF-A8BF-1A62B4040831} = {7C05163D-B744-49F8-BD4D-3785A7FC37CC}
		{8B03ACC8-CD42-40AC-9D22-E426DBFACFBA} = {7C05163D-B744-49F8-BD4D-3785A7FC37CC}
		{3E35A0A8-E161-47DD-B355-B2F2728591A3} = {B437B43E-3965-4798-955A-CA00AE83CD84}
		{2720FDC7-DB9C-4BF2-BB7E-C9625C5728DE} = {B437B43E-3965-4798-955A-CA00AE83CD84}
		{B8252E3F-0114-4A8B-B3BC-30D4444B6451} = {B437B43E-3965-4798-955A-CA00AE83CD84}
		{CFEDF3A5-CE46-4D1E-AB44-91EC9E21400E} = {D8CAFABE-2CE2-4114-B8ED-CE47D76785F6}
		{CCB3671D-1CD6-4AC4-B9DE-EEDCC88EF5D5} = {D8CAFABE-2CE2-4114-B8ED-CE47D76785F6}
		{FBE6550C-A2CA-412F-905F-E89BF7E58AC1} = {D8CAFABE-2CE2-4114-B8ED-CE47D76785F6}
		{BD59C59F-B3E3-412F-B4CA-5D1451FBC472} = {7AF2F9ED-F653-4E75-B093-A996AF97D170}
		{376AAD02-BA07-4E4D-A084-8168D6E2E5F9} = {7AF2F9ED-F653-4E75-B093-A996AF97D170}
		{72286B24-E618-4D82-81FD-20E2934BEC92} = {7AF2F9ED-F653-4E75-B093-A996AF97D170}
		{4DC0239D-6111-4443-AD35-32BF5AFC6157} = {A65419F3-10D7-407B-9853-B38C6BC42857}
		{2D0E8E4F-CB58-4B7D-861E-B380494821A0} = {A65419F3-10D7-407B-9853-B38C6BC42857}
		{86CE834A-82E8-4F8A-B8B2-5C7D86FE68F7} = {A65419F3-10D7-407B-9853-B38C6BC42857}
		{05185DC3-8798-4DCB-88E9-536A4482658B} = {E1894C56-32DB-44BF-BC3C-B81CDD88DEA0}
		{F1E4A6A0-5542-4A7B-99F2-63B7D0F6EB87} = {E1894C56-32DB-44BF-BC3C-B81CDD88DEA0}
		{8F47605A-D2E5-4A4D-9668-59BE17D0D292} = {E1894C56-32DB-44BF-BC3C-B81CDD88DEA0}
		{099C78E3-DC0D-4A38-AD7E-6E5E6E63E5F8} = {3B06EFDA-D977-4F04-BFBB-029339846E0C}
		{D26DD4F2-33F5-4100-9AD8-DDABE6320402} = {3B06EFDA-D977-4F04-BFBB-029339846E0C}
		{26E48335-EA8B-4048-B6B3-547711C423A3} = {3B06EFDA-D977-4F04-BFBB-029339846E0C}
	EndGlobalSection
	GlobalSection(ExtensibilityGlobals) = postSolution
		SolutionGuid = {34E503EE-9E2D-4CB6-8011-A315E61D3A4A}
	EndGlobalSection
EndGlobal
